{
  "name": "drizzle-box",
  "version": "1.0.0",
  "lockfileVersion": 1,
  "requires": true,
  "dependencies": {
    "js-sha3": {
      "version": "0.8.0",
      "resolved": "https://registry.npmjs.org/js-sha3/-/js-sha3-0.8.0.tgz",
      "integrity": "sha512-gF1cRrHhIzNfToc802P800N8PpXS+evLLXfsVpowqmAFR9uwbi89WvXg2QspOmXL8QL86J4T1EpFu+yUkwJY3Q=="
    },
    "openzeppelin-solidity": {
      "version": "2.1.1",
      "resolved": "https://registry.npmjs.org/openzeppelin-solidity/-/openzeppelin-solidity-2.1.1.tgz",
      "integrity": "sha512-kvVI/2n3oYfVYP53rUw+q6QNPlorwYRFaGu/Zs+TWFw2tKlnrz7UXh0UTWYd3Sfbq6eOo4XXnGv4bgcKguOrWg=="
    },
    "test-plugin-packagezzzz": {
      "version": "1.0.0",
      "resolved": "https://registry.npmjs.org/test-plugin-packagezzzz/-/test-plugin-packagezzzz-1.0.0.tgz",
      "integrity": "sha512-A+Rv68InF8W1ucNuyNIzx9TNnLdUhEEg4pJNw1cF3SAyM2a48qq2/Xtv6zd/iOk2t9ZuggW4w7JedJUEBix8Vg==",
      "requires": {
        "js-sha3": "^0.8.0"
      }
    },
    "truffle-optimize": {
      "version": "file:../truffle-optimize",
      "requires": {
        "js-sha3": "^0.8.0"
      }
    }
  }
}
